// !$*UTF8*$!
{
	archiveVersion = 1;
	classes = {
	};
	objectVersion = 46;
	objects = {

/* Begin PBXBuildFile section */
		50034EB71B05E9F700B2EA6A /* Bolts.framework in Frameworks */ = {isa = PBXBuildFile; fileRef = 50034EB51B05E9F700B2EA6A /* Bolts.framework */; };
		50034EBA1B05EA2300B2EA6A /* AudioToolbox.framework in Frameworks */ = {isa = PBXBuildFile; fileRef = 50034EB91B05EA2300B2EA6A /* AudioToolbox.framework */; };
		50034EBC1B05EA2A00B2EA6A /* CFNetwork.framework in Frameworks */ = {isa = PBXBuildFile; fileRef = 50034EBB1B05EA2A00B2EA6A /* CFNetwork.framework */; };
		50034EBE1B05EA3C00B2EA6A /* CoreGraphics.framework in Frameworks */ = {isa = PBXBuildFile; fileRef = 50034EBD1B05EA3C00B2EA6A /* CoreGraphics.framework */; };
		50034EC01B05EA4700B2EA6A /* CoreLocation.framework in Frameworks */ = {isa = PBXBuildFile; fileRef = 50034EBF1B05EA4700B2EA6A /* CoreLocation.framework */; };
		50034EC21B05EA4F00B2EA6A /* MobileCoreServices.framework in Frameworks */ = {isa = PBXBuildFile; fileRef = 50034EC11B05EA4F00B2EA6A /* MobileCoreServices.framework */; };
		50034EC41B05EA5800B2EA6A /* QuartzCore.framework in Frameworks */ = {isa = PBXBuildFile; fileRef = 50034EC31B05EA5800B2EA6A /* QuartzCore.framework */; };
		50034EC61B05EA6000B2EA6A /* Security.framework in Frameworks */ = {isa = PBXBuildFile; fileRef = 50034EC51B05EA6000B2EA6A /* Security.framework */; };
		50034EC81B05EA6700B2EA6A /* StoreKit.framework in Frameworks */ = {isa = PBXBuildFile; fileRef = 50034EC71B05EA6700B2EA6A /* StoreKit.framework */; };
		50034ECA1B05EA7100B2EA6A /* SystemConfiguration.framework in Frameworks */ = {isa = PBXBuildFile; fileRef = 50034EC91B05EA7100B2EA6A /* SystemConfiguration.framework */; };
		50034ECC1B05EA7F00B2EA6A /* libz.dylib in Frameworks */ = {isa = PBXBuildFile; fileRef = 50034ECB1B05EA7F00B2EA6A /* libz.dylib */; };
		50034ECE1B05EA9000B2EA6A /* libsqlite3.dylib in Frameworks */ = {isa = PBXBuildFile; fileRef = 50034ECD1B05EA9000B2EA6A /* libsqlite3.dylib */; };
		50034ED01B05F35900B2EA6A /* Accounts.framework in Frameworks */ = {isa = PBXBuildFile; fileRef = 50034ECF1B05F35900B2EA6A /* Accounts.framework */; };
		50034ED21B05F36100B2EA6A /* Social.framework in Frameworks */ = {isa = PBXBuildFile; fileRef = 50034ED11B05F36100B2EA6A /* Social.framework */; };
		5012F9931B6958200097A29E /* UIBarButtonItem+Badge.m in Sources */ = {isa = PBXBuildFile; fileRef = 5012F9921B6958200097A29E /* UIBarButtonItem+Badge.m */; };
		5014CCC41B68A88B007EBC18 /* ProductsListController.swift in Sources */ = {isa = PBXBuildFile; fileRef = 5014CCC31B68A88B007EBC18 /* ProductsListController.swift */; };
		5014CCC61B68E155007EBC18 /* UIColor +MyColor.swift in Sources */ = {isa = PBXBuildFile; fileRef = 5014CCC51B68E155007EBC18 /* UIColor +MyColor.swift */; };
		503DB1F11B6CAD9F00B16D66 /* prePaidController.swift in Sources */ = {isa = PBXBuildFile; fileRef = 503DB1F01B6CAD9F00B16D66 /* prePaidController.swift */; };
		50474F7E1B6F5E5C00D11579 /* RegistrationController.swift in Sources */ = {isa = PBXBuildFile; fileRef = 50474F7D1B6F5E5C00D11579 /* RegistrationController.swift */; };
		50802E821AFBE1C700B594D6 /* SwiftyJSON.swift in Sources */ = {isa = PBXBuildFile; fileRef = 50802E811AFBE1C700B594D6 /* SwiftyJSON.swift */; };
		50802E841AFBECC600B594D6 /* ProdCell.swift in Sources */ = {isa = PBXBuildFile; fileRef = 50802E831AFBECC600B594D6 /* ProdCell.swift */; };
		50802E861AFD3CAE00B594D6 /* OneProductViewController.swift in Sources */ = {isa = PBXBuildFile; fileRef = 50802E851AFD3CAE00B594D6 /* OneProductViewController.swift */; };
		50802E881B00CB8400B594D6 /* MapViewController.swift in Sources */ = {isa = PBXBuildFile; fileRef = 50802E871B00CB8400B594D6 /* MapViewController.swift */; };
		50802E8A1B00FC7D00B594D6 /* FirstScreenViewController.swift in Sources */ = {isa = PBXBuildFile; fileRef = 50802E891B00FC7D00B594D6 /* FirstScreenViewController.swift */; };
		50981D1F1B7A6F2600A3CEC1 /* Parse.framework in Frameworks */ = {isa = PBXBuildFile; fileRef = 50981D1E1B7A6F2600A3CEC1 /* Parse.framework */; };
		50BBDA021B0BCA960043AE9D /* Reachability.swift in Sources */ = {isa = PBXBuildFile; fileRef = 50BBDA011B0BCA960043AE9D /* Reachability.swift */; };
		50D3DC371BA60AC40092BA75 /* GHWalkThroughPageCell.m in Sources */ = {isa = PBXBuildFile; fileRef = 50D3DC341BA60AC40092BA75 /* GHWalkThroughPageCell.m */; };
		50D3DC381BA60AC40092BA75 /* GHWalkThroughView.m in Sources */ = {isa = PBXBuildFile; fileRef = 50D3DC361BA60AC40092BA75 /* GHWalkThroughView.m */; };
		50E8432D1AD009910094F47E /* AppDelegate.swift in Sources */ = {isa = PBXBuildFile; fileRef = 50E8432C1AD009910094F47E /* AppDelegate.swift */; };
		50E843321AD009910094F47E /* Main.storyboard in Resources */ = {isa = PBXBuildFile; fileRef = 50E843301AD009910094F47E /* Main.storyboard */; };
		50E843341AD009910094F47E /* Images.xcassets in Resources */ = {isa = PBXBuildFile; fileRef = 50E843331AD009910094F47E /* Images.xcassets */; };
		50E843371AD009910094F47E /* LaunchScreen.xib in Resources */ = {isa = PBXBuildFile; fileRef = 50E843351AD009910094F47E /* LaunchScreen.xib */; };
		50E843431AD009910094F47E /* ExpressFoodTests.swift in Sources */ = {isa = PBXBuildFile; fileRef = 50E843421AD009910094F47E /* ExpressFoodTests.swift */; };
		50E8434D1AD01F960094F47E /* TypeController.swift in Sources */ = {isa = PBXBuildFile; fileRef = 50E8434C1AD01F960094F47E /* TypeController.swift */; };
		50E8434F1AD0203F0094F47E /* CellForType.swift in Sources */ = {isa = PBXBuildFile; fileRef = 50E8434E1AD0203F0094F47E /* CellForType.swift */; };
		50E843511AD025090094F47E /* TypeClass.swift in Sources */ = {isa = PBXBuildFile; fileRef = 50E843501AD025090094F47E /* TypeClass.swift */; };
		50E843571AD03C870094F47E /* ProductsView.swift in Sources */ = {isa = PBXBuildFile; fileRef = 50E843561AD03C870094F47E /* ProductsView.swift */; };
		50E843591AD03E0C0094F47E /* ProductsClass.swift in Sources */ = {isa = PBXBuildFile; fileRef = 50E843581AD03E0C0094F47E /* ProductsClass.swift */; };
		50E843651AD0658E0094F47E /* CartController.swift in Sources */ = {isa = PBXBuildFile; fileRef = 50E843641AD0658E0094F47E /* CartController.swift */; };
		50E843671AD0670E0094F47E /* CartCell.swift in Sources */ = {isa = PBXBuildFile; fileRef = 50E843661AD0670E0094F47E /* CartCell.swift */; };
		50E8436F1AD07A820094F47E /* Cart.swift in Sources */ = {isa = PBXBuildFile; fileRef = 50E8436E1AD07A820094F47E /* Cart.swift */; };
		5E0A4EA959B864C5522A3811 /* Pods.framework in Frameworks */ = {isa = PBXBuildFile; fileRef = 9EBB4AAD4962403350B0C5DB /* Pods.framework */; settings = {ATTRIBUTES = (Weak, ); }; };
/* End PBXBuildFile section */

/* Begin PBXContainerItemProxy section */
		50E8433D1AD009910094F47E /* PBXContainerItemProxy */ = {
			isa = PBXContainerItemProxy;
			containerPortal = 50E8431F1AD009910094F47E /* Project object */;
			proxyType = 1;
			remoteGlobalIDString = 50E843261AD009910094F47E;
			remoteInfo = ExpressFood;
		};
/* End PBXContainerItemProxy section */

/* Begin PBXFileReference section */
		38CD6DFA45CFFFFAF24464BF /* Pods.release.xcconfig */ = {isa = PBXFileReference; includeInIndex = 1; lastKnownFileType = text.xcconfig; name = Pods.release.xcconfig; path = "Pods/Target Support Files/Pods/Pods.release.xcconfig"; sourceTree = "<group>"; };
		50034EB51B05E9F700B2EA6A /* Bolts.framework */ = {isa = PBXFileReference; lastKnownFileType = wrapper.framework; path = Bolts.framework; sourceTree = "<group>"; };
		50034EB91B05EA2300B2EA6A /* AudioToolbox.framework */ = {isa = PBXFileReference; lastKnownFileType = wrapper.framework; name = AudioToolbox.framework; path = System/Library/Frameworks/AudioToolbox.framework; sourceTree = SDKROOT; };
		50034EBB1B05EA2A00B2EA6A /* CFNetwork.framework */ = {isa = PBXFileReference; lastKnownFileType = wrapper.framework; name = CFNetwork.framework; path = System/Library/Frameworks/CFNetwork.framework; sourceTree = SDKROOT; };
		50034EBD1B05EA3C00B2EA6A /* CoreGraphics.framework */ = {isa = PBXFileReference; lastKnownFileType = wrapper.framework; name = CoreGraphics.framework; path = System/Library/Frameworks/CoreGraphics.framework; sourceTree = SDKROOT; };
		50034EBF1B05EA4700B2EA6A /* CoreLocation.framework */ = {isa = PBXFileReference; lastKnownFileType = wrapper.framework; name = CoreLocation.framework; path = System/Library/Frameworks/CoreLocation.framework; sourceTree = SDKROOT; };
		50034EC11B05EA4F00B2EA6A /* MobileCoreServices.framework */ = {isa = PBXFileReference; lastKnownFileType = wrapper.framework; name = MobileCoreServices.framework; path = System/Library/Frameworks/MobileCoreServices.framework; sourceTree = SDKROOT; };
		50034EC31B05EA5800B2EA6A /* QuartzCore.framework */ = {isa = PBXFileReference; lastKnownFileType = wrapper.framework; name = QuartzCore.framework; path = System/Library/Frameworks/QuartzCore.framework; sourceTree = SDKROOT; };
		50034EC51B05EA6000B2EA6A /* Security.framework */ = {isa = PBXFileReference; lastKnownFileType = wrapper.framework; name = Security.framework; path = System/Library/Frameworks/Security.framework; sourceTree = SDKROOT; };
		50034EC71B05EA6700B2EA6A /* StoreKit.framework */ = {isa = PBXFileReference; lastKnownFileType = wrapper.framework; name = StoreKit.framework; path = System/Library/Frameworks/StoreKit.framework; sourceTree = SDKROOT; };
		50034EC91B05EA7100B2EA6A /* SystemConfiguration.framework */ = {isa = PBXFileReference; lastKnownFileType = wrapper.framework; name = SystemConfiguration.framework; path = System/Library/Frameworks/SystemConfiguration.framework; sourceTree = SDKROOT; };
		50034ECB1B05EA7F00B2EA6A /* libz.dylib */ = {isa = PBXFileReference; lastKnownFileType = "compiled.mach-o.dylib"; name = libz.dylib; path = usr/lib/libz.dylib; sourceTree = SDKROOT; };
		50034ECD1B05EA9000B2EA6A /* libsqlite3.dylib */ = {isa = PBXFileReference; lastKnownFileType = "compiled.mach-o.dylib"; name = libsqlite3.dylib; path = usr/lib/libsqlite3.dylib; sourceTree = SDKROOT; };
		50034ECF1B05F35900B2EA6A /* Accounts.framework */ = {isa = PBXFileReference; lastKnownFileType = wrapper.framework; name = Accounts.framework; path = System/Library/Frameworks/Accounts.framework; sourceTree = SDKROOT; };
		50034ED11B05F36100B2EA6A /* Social.framework */ = {isa = PBXFileReference; lastKnownFileType = wrapper.framework; name = Social.framework; path = System/Library/Frameworks/Social.framework; sourceTree = SDKROOT; };
		5012F9911B6958200097A29E /* UIBarButtonItem+Badge.h */ = {isa = PBXFileReference; fileEncoding = 4; lastKnownFileType = sourcecode.c.h; path = "UIBarButtonItem+Badge.h"; sourceTree = "<group>"; };
		5012F9921B6958200097A29E /* UIBarButtonItem+Badge.m */ = {isa = PBXFileReference; fileEncoding = 4; lastKnownFileType = sourcecode.c.objc; path = "UIBarButtonItem+Badge.m"; sourceTree = "<group>"; };
		5014CCC31B68A88B007EBC18 /* ProductsListController.swift */ = {isa = PBXFileReference; fileEncoding = 4; lastKnownFileType = sourcecode.swift; path = ProductsListController.swift; sourceTree = "<group>"; };
		5014CCC51B68E155007EBC18 /* UIColor +MyColor.swift */ = {isa = PBXFileReference; fileEncoding = 4; lastKnownFileType = sourcecode.swift; path = "UIColor +MyColor.swift"; sourceTree = "<group>"; };
		503DB1F01B6CAD9F00B16D66 /* prePaidController.swift */ = {isa = PBXFileReference; fileEncoding = 4; lastKnownFileType = sourcecode.swift; path = prePaidController.swift; sourceTree = "<group>"; };
		50474F7D1B6F5E5C00D11579 /* RegistrationController.swift */ = {isa = PBXFileReference; fileEncoding = 4; lastKnownFileType = sourcecode.swift; path = RegistrationController.swift; sourceTree = "<group>"; };
		50802E811AFBE1C700B594D6 /* SwiftyJSON.swift */ = {isa = PBXFileReference; fileEncoding = 4; lastKnownFileType = sourcecode.swift; name = SwiftyJSON.swift; path = ../SwiftyJSON.swift; sourceTree = "<group>"; };
		50802E831AFBECC600B594D6 /* ProdCell.swift */ = {isa = PBXFileReference; fileEncoding = 4; lastKnownFileType = sourcecode.swift; path = ProdCell.swift; sourceTree = "<group>"; };
		50802E851AFD3CAE00B594D6 /* OneProductViewController.swift */ = {isa = PBXFileReference; fileEncoding = 4; lastKnownFileType = sourcecode.swift; path = OneProductViewController.swift; sourceTree = "<group>"; };
		50802E871B00CB8400B594D6 /* MapViewController.swift */ = {isa = PBXFileReference; fileEncoding = 4; lastKnownFileType = sourcecode.swift; path = MapViewController.swift; sourceTree = "<group>"; };
		50802E891B00FC7D00B594D6 /* FirstScreenViewController.swift */ = {isa = PBXFileReference; fileEncoding = 4; lastKnownFileType = sourcecode.swift; path = FirstScreenViewController.swift; sourceTree = "<group>"; };
		50981D1E1B7A6F2600A3CEC1 /* Parse.framework */ = {isa = PBXFileReference; lastKnownFileType = wrapper.framework; path = Parse.framework; sourceTree = "<group>"; };
		50BBDA011B0BCA960043AE9D /* Reachability.swift */ = {isa = PBXFileReference; fileEncoding = 4; lastKnownFileType = sourcecode.swift; path = Reachability.swift; sourceTree = "<group>"; };
		50D3DC331BA60AC40092BA75 /* GHWalkThroughPageCell.h */ = {isa = PBXFileReference; fileEncoding = 4; lastKnownFileType = sourcecode.c.h; name = GHWalkThroughPageCell.h; path = walkThrough/GHWalkThroughPageCell.h; sourceTree = SOURCE_ROOT; };
		50D3DC341BA60AC40092BA75 /* GHWalkThroughPageCell.m */ = {isa = PBXFileReference; fileEncoding = 4; lastKnownFileType = sourcecode.c.objc; name = GHWalkThroughPageCell.m; path = walkThrough/GHWalkThroughPageCell.m; sourceTree = SOURCE_ROOT; };
		50D3DC351BA60AC40092BA75 /* GHWalkThroughView.h */ = {isa = PBXFileReference; fileEncoding = 4; lastKnownFileType = sourcecode.c.h; name = GHWalkThroughView.h; path = walkThrough/GHWalkThroughView.h; sourceTree = SOURCE_ROOT; };
		50D3DC361BA60AC40092BA75 /* GHWalkThroughView.m */ = {isa = PBXFileReference; fileEncoding = 4; lastKnownFileType = sourcecode.c.objc; name = GHWalkThroughView.m; path = walkThrough/GHWalkThroughView.m; sourceTree = SOURCE_ROOT; };
		50E843271AD009910094F47E /* ExpressFood.app */ = {isa = PBXFileReference; explicitFileType = wrapper.application; includeInIndex = 0; path = ExpressFood.app; sourceTree = BUILT_PRODUCTS_DIR; };
		50E8432B1AD009910094F47E /* Info.plist */ = {isa = PBXFileReference; lastKnownFileType = text.plist.xml; path = Info.plist; sourceTree = "<group>"; };
		50E8432C1AD009910094F47E /* AppDelegate.swift */ = {isa = PBXFileReference; lastKnownFileType = sourcecode.swift; path = AppDelegate.swift; sourceTree = "<group>"; };
		50E843311AD009910094F47E /* Base */ = {isa = PBXFileReference; lastKnownFileType = file.storyboard; name = Base; path = Base.lproj/Main.storyboard; sourceTree = "<group>"; };
		50E843331AD009910094F47E /* Images.xcassets */ = {isa = PBXFileReference; lastKnownFileType = folder.assetcatalog; path = Images.xcassets; sourceTree = "<group>"; };
		50E843361AD009910094F47E /* Base */ = {isa = PBXFileReference; lastKnownFileType = file.xib; name = Base; path = Base.lproj/LaunchScreen.xib; sourceTree = "<group>"; };
		50E8433C1AD009910094F47E /* ExpressFoodTests.xctest */ = {isa = PBXFileReference; explicitFileType = wrapper.cfbundle; includeInIndex = 0; path = ExpressFoodTests.xctest; sourceTree = BUILT_PRODUCTS_DIR; };
		50E843411AD009910094F47E /* Info.plist */ = {isa = PBXFileReference; lastKnownFileType = text.plist.xml; path = Info.plist; sourceTree = "<group>"; };
		50E843421AD009910094F47E /* ExpressFoodTests.swift */ = {isa = PBXFileReference; lastKnownFileType = sourcecode.swift; path = ExpressFoodTests.swift; sourceTree = "<group>"; };
		50E8434C1AD01F960094F47E /* TypeController.swift */ = {isa = PBXFileReference; fileEncoding = 4; lastKnownFileType = sourcecode.swift; name = TypeController.swift; path = ExpressFood/TypeController.swift; sourceTree = "<group>"; };
		50E8434E1AD0203F0094F47E /* CellForType.swift */ = {isa = PBXFileReference; fileEncoding = 4; lastKnownFileType = sourcecode.swift; path = CellForType.swift; sourceTree = "<group>"; };
		50E843501AD025090094F47E /* TypeClass.swift */ = {isa = PBXFileReference; fileEncoding = 4; lastKnownFileType = sourcecode.swift; path = TypeClass.swift; sourceTree = "<group>"; };
		50E843561AD03C870094F47E /* ProductsView.swift */ = {isa = PBXFileReference; fileEncoding = 4; lastKnownFileType = sourcecode.swift; name = ProductsView.swift; path = ExpressFood/ProductsView.swift; sourceTree = "<group>"; };
		50E843581AD03E0C0094F47E /* ProductsClass.swift */ = {isa = PBXFileReference; fileEncoding = 4; lastKnownFileType = sourcecode.swift; name = ProductsClass.swift; path = ExpressFood/ProductsClass.swift; sourceTree = "<group>"; };
		50E843641AD0658E0094F47E /* CartController.swift */ = {isa = PBXFileReference; fileEncoding = 4; lastKnownFileType = sourcecode.swift; name = CartController.swift; path = ExpressFood/CartController.swift; sourceTree = "<group>"; };
		50E843661AD0670E0094F47E /* CartCell.swift */ = {isa = PBXFileReference; fileEncoding = 4; lastKnownFileType = sourcecode.swift; name = CartCell.swift; path = ExpressFood/CartCell.swift; sourceTree = "<group>"; };
		50E8436E1AD07A820094F47E /* Cart.swift */ = {isa = PBXFileReference; fileEncoding = 4; lastKnownFileType = sourcecode.swift; name = Cart.swift; path = ExpressFood/Cart.swift; sourceTree = "<group>"; };
		50E843B81AD10E0F0094F47E /* ExpressFood-Bridging-Header.h */ = {isa = PBXFileReference; lastKnownFileType = sourcecode.c.h; path = "ExpressFood-Bridging-Header.h"; sourceTree = SOURCE_ROOT; };
		5EA3DDD5470988623732D7B9 /* Pods.debug.xcconfig */ = {isa = PBXFileReference; includeInIndex = 1; lastKnownFileType = text.xcconfig; name = Pods.debug.xcconfig; path = "Pods/Target Support Files/Pods/Pods.debug.xcconfig"; sourceTree = "<group>"; };
		9EBB4AAD4962403350B0C5DB /* Pods.framework */ = {isa = PBXFileReference; explicitFileType = wrapper.framework; includeInIndex = 0; path = Pods.framework; sourceTree = BUILT_PRODUCTS_DIR; };
/* End PBXFileReference section */

/* Begin PBXFrameworksBuildPhase section */
		50E843241AD009910094F47E /* Frameworks */ = {
			isa = PBXFrameworksBuildPhase;
			buildActionMask = 2147483647;
			files = (
				50034ED21B05F36100B2EA6A /* Social.framework in Frameworks */,
				50034ED01B05F35900B2EA6A /* Accounts.framework in Frameworks */,
				50034ECE1B05EA9000B2EA6A /* libsqlite3.dylib in Frameworks */,
				50034ECC1B05EA7F00B2EA6A /* libz.dylib in Frameworks */,
				50034ECA1B05EA7100B2EA6A /* SystemConfiguration.framework in Frameworks */,
				50034EC81B05EA6700B2EA6A /* StoreKit.framework in Frameworks */,
				50981D1F1B7A6F2600A3CEC1 /* Parse.framework in Frameworks */,
				50034EC61B05EA6000B2EA6A /* Security.framework in Frameworks */,
				50034EC41B05EA5800B2EA6A /* QuartzCore.framework in Frameworks */,
				50034EC21B05EA4F00B2EA6A /* MobileCoreServices.framework in Frameworks */,
				50034EC01B05EA4700B2EA6A /* CoreLocation.framework in Frameworks */,
				50034EBE1B05EA3C00B2EA6A /* CoreGraphics.framework in Frameworks */,
				50034EBC1B05EA2A00B2EA6A /* CFNetwork.framework in Frameworks */,
				50034EBA1B05EA2300B2EA6A /* AudioToolbox.framework in Frameworks */,
				5E0A4EA959B864C5522A3811 /* Pods.framework in Frameworks */,
				50034EB71B05E9F700B2EA6A /* Bolts.framework in Frameworks */,
			);
			runOnlyForDeploymentPostprocessing = 0;
		};
		50E843391AD009910094F47E /* Frameworks */ = {
			isa = PBXFrameworksBuildPhase;
			buildActionMask = 2147483647;
			files = (
			);
			runOnlyForDeploymentPostprocessing = 0;
		};
/* End PBXFrameworksBuildPhase section */

/* Begin PBXGroup section */
		27E664C4244B2496798AFB30 /* Frameworks */ = {
			isa = PBXGroup;
			children = (
				50981D1E1B7A6F2600A3CEC1 /* Parse.framework */,
				50034ED11B05F36100B2EA6A /* Social.framework */,
				50034ECF1B05F35900B2EA6A /* Accounts.framework */,
				50034ECD1B05EA9000B2EA6A /* libsqlite3.dylib */,
				50034ECB1B05EA7F00B2EA6A /* libz.dylib */,
				50034EC91B05EA7100B2EA6A /* SystemConfiguration.framework */,
				50034EC71B05EA6700B2EA6A /* StoreKit.framework */,
				50034EC51B05EA6000B2EA6A /* Security.framework */,
				50034EC31B05EA5800B2EA6A /* QuartzCore.framework */,
				50034EC11B05EA4F00B2EA6A /* MobileCoreServices.framework */,
				50034EBF1B05EA4700B2EA6A /* CoreLocation.framework */,
				50034EBD1B05EA3C00B2EA6A /* CoreGraphics.framework */,
				50034EBB1B05EA2A00B2EA6A /* CFNetwork.framework */,
				50034EB91B05EA2300B2EA6A /* AudioToolbox.framework */,
				50034EB51B05E9F700B2EA6A /* Bolts.framework */,
				9EBB4AAD4962403350B0C5DB /* Pods.framework */,
			);
			name = Frameworks;
			sourceTree = "<group>";
		};
		50802E8B1B00FC8600B594D6 /* controllers */ = {
			isa = PBXGroup;
			children = (
				50802E891B00FC7D00B594D6 /* FirstScreenViewController.swift */,
				50E843641AD0658E0094F47E /* CartController.swift */,
				50E843561AD03C870094F47E /* ProductsView.swift */,
				5014CCC31B68A88B007EBC18 /* ProductsListController.swift */,
				50E8434C1AD01F960094F47E /* TypeController.swift */,
				50802E871B00CB8400B594D6 /* MapViewController.swift */,
				50802E851AFD3CAE00B594D6 /* OneProductViewController.swift */,
				503DB1F01B6CAD9F00B16D66 /* prePaidController.swift */,
				50474F7D1B6F5E5C00D11579 /* RegistrationController.swift */,
			);
			name = controllers;
			path = ..;
			sourceTree = "<group>";
		};
		50802E8C1B00FC9300B594D6 /* cells */ = {
			isa = PBXGroup;
			children = (
				50802E831AFBECC600B594D6 /* ProdCell.swift */,
				50E8434E1AD0203F0094F47E /* CellForType.swift */,
				50E843661AD0670E0094F47E /* CartCell.swift */,
			);
			name = cells;
			path = ..;
			sourceTree = "<group>";
		};
		50802E8D1B00FC9C00B594D6 /* models */ = {
			isa = PBXGroup;
			children = (
				50E8436E1AD07A820094F47E /* Cart.swift */,
				50E843581AD03E0C0094F47E /* ProductsClass.swift */,
				50E843501AD025090094F47E /* TypeClass.swift */,
				50BBDA011B0BCA960043AE9D /* Reachability.swift */,
			);
			name = models;
			path = ..;
			sourceTree = "<group>";
		};
		50D3DC321BA60AB10092BA75 /* walkthroug */ = {
			isa = PBXGroup;
			children = (
				50D3DC331BA60AC40092BA75 /* GHWalkThroughPageCell.h */,
				50D3DC341BA60AC40092BA75 /* GHWalkThroughPageCell.m */,
				50D3DC351BA60AC40092BA75 /* GHWalkThroughView.h */,
				50D3DC361BA60AC40092BA75 /* GHWalkThroughView.m */,
			);
			name = walkthroug;
			sourceTree = "<group>";
		};
		50E8431E1AD009910094F47E = {
			isa = PBXGroup;
			children = (
				50E843291AD009910094F47E /* ExpressFood */,
				50E8433F1AD009910094F47E /* ExpressFoodTests */,
				50E843281AD009910094F47E /* Products */,
				FA0B343C3393E6E9E424201D /* Pods */,
				27E664C4244B2496798AFB30 /* Frameworks */,
			);
			sourceTree = "<group>";
		};
		50E843281AD009910094F47E /* Products */ = {
			isa = PBXGroup;
			children = (
				50E843271AD009910094F47E /* ExpressFood.app */,
				50E8433C1AD009910094F47E /* ExpressFoodTests.xctest */,
			);
			name = Products;
			sourceTree = "<group>";
		};
		50E843291AD009910094F47E /* ExpressFood */ = {
			isa = PBXGroup;
			children = (
				50D3DC321BA60AB10092BA75 /* walkthroug */,
				50E8432C1AD009910094F47E /* AppDelegate.swift */,
				50802E811AFBE1C700B594D6 /* SwiftyJSON.swift */,
				50E843B81AD10E0F0094F47E /* ExpressFood-Bridging-Header.h */,
				50802E8C1B00FC9300B594D6 /* cells */,
				50802E8B1B00FC8600B594D6 /* controllers */,
				50802E8D1B00FC9C00B594D6 /* models */,
				50E843301AD009910094F47E /* Main.storyboard */,
				50E843331AD009910094F47E /* Images.xcassets */,
				50E843351AD009910094F47E /* LaunchScreen.xib */,
				50E8432A1AD009910094F47E /* Supporting Files */,
				5014CCC51B68E155007EBC18 /* UIColor +MyColor.swift */,
				5012F9911B6958200097A29E /* UIBarButtonItem+Badge.h */,
				5012F9921B6958200097A29E /* UIBarButtonItem+Badge.m */,
			);
			path = ExpressFood;
			sourceTree = "<group>";
		};
		50E8432A1AD009910094F47E /* Supporting Files */ = {
			isa = PBXGroup;
			children = (
				50E8432B1AD009910094F47E /* Info.plist */,
			);
			name = "Supporting Files";
			sourceTree = "<group>";
		};
		50E8433F1AD009910094F47E /* ExpressFoodTests */ = {
			isa = PBXGroup;
			children = (
				50E843421AD009910094F47E /* ExpressFoodTests.swift */,
				50E843401AD009910094F47E /* Supporting Files */,
			);
			path = ExpressFoodTests;
			sourceTree = "<group>";
		};
		50E843401AD009910094F47E /* Supporting Files */ = {
			isa = PBXGroup;
			children = (
				50E843411AD009910094F47E /* Info.plist */,
			);
			name = "Supporting Files";
			sourceTree = "<group>";
		};
		FA0B343C3393E6E9E424201D /* Pods */ = {
			isa = PBXGroup;
			children = (
				5EA3DDD5470988623732D7B9 /* Pods.debug.xcconfig */,
				38CD6DFA45CFFFFAF24464BF /* Pods.release.xcconfig */,
			);
			name = Pods;
			sourceTree = "<group>";
		};
/* End PBXGroup section */

/* Begin PBXNativeTarget section */
		50E843261AD009910094F47E /* ExpressFood */ = {
			isa = PBXNativeTarget;
			buildConfigurationList = 50E843461AD009910094F47E /* Build configuration list for PBXNativeTarget "ExpressFood" */;
			buildPhases = (
				9247B6D8E04F4E67ED21AF2B /* Check Pods Manifest.lock */,
				50E843231AD009910094F47E /* Sources */,
				50E843241AD009910094F47E /* Frameworks */,
				50E843251AD009910094F47E /* Resources */,
				E7DEC0B232AE7D975CEC7214 /* Embed Pods Frameworks */,
				A586F9DFBD4B0BF05793FF25 /* Copy Pods Resources */,
			);
			buildRules = (
			);
			dependencies = (
			);
			name = ExpressFood;
			productName = ExpressFood;
			productReference = 50E843271AD009910094F47E /* ExpressFood.app */;
			productType = "com.apple.product-type.application";
		};
		50E8433B1AD009910094F47E /* ExpressFoodTests */ = {
			isa = PBXNativeTarget;
			buildConfigurationList = 50E843491AD009910094F47E /* Build configuration list for PBXNativeTarget "ExpressFoodTests" */;
			buildPhases = (
				50E843381AD009910094F47E /* Sources */,
				50E843391AD009910094F47E /* Frameworks */,
				50E8433A1AD009910094F47E /* Resources */,
			);
			buildRules = (
			);
			dependencies = (
				50E8433E1AD009910094F47E /* PBXTargetDependency */,
			);
			name = ExpressFoodTests;
			productName = ExpressFoodTests;
			productReference = 50E8433C1AD009910094F47E /* ExpressFoodTests.xctest */;
			productType = "com.apple.product-type.bundle.unit-test";
		};
/* End PBXNativeTarget section */

/* Begin PBXProject section */
		50E8431F1AD009910094F47E /* Project object */ = {
			isa = PBXProject;
			attributes = {
				LastUpgradeCheck = 0620;
				ORGANIZATIONNAME = "Denis Karpenko";
				TargetAttributes = {
					50E843261AD009910094F47E = {
						CreatedOnToolsVersion = 6.2;
					};
					50E8433B1AD009910094F47E = {
						CreatedOnToolsVersion = 6.2;
						TestTargetID = 50E843261AD009910094F47E;
					};
				};
			};
			buildConfigurationList = 50E843221AD009910094F47E /* Build configuration list for PBXProject "ExpressFood" */;
			compatibilityVersion = "Xcode 3.2";
			developmentRegion = English;
			hasScannedForEncodings = 0;
			knownRegions = (
				en,
				Base,
			);
			mainGroup = 50E8431E1AD009910094F47E;
			productRefGroup = 50E843281AD009910094F47E /* Products */;
			projectDirPath = "";
			projectRoot = "";
			targets = (
				50E843261AD009910094F47E /* ExpressFood */,
				50E8433B1AD009910094F47E /* ExpressFoodTests */,
			);
		};
/* End PBXProject section */

/* Begin PBXResourcesBuildPhase section */
		50E843251AD009910094F47E /* Resources */ = {
			isa = PBXResourcesBuildPhase;
			buildActionMask = 2147483647;
			files = (
				50E843321AD009910094F47E /* Main.storyboard in Resources */,
				50E843371AD009910094F47E /* LaunchScreen.xib in Resources */,
				50E843341AD009910094F47E /* Images.xcassets in Resources */,
			);
			runOnlyForDeploymentPostprocessing = 0;
		};
		50E8433A1AD009910094F47E /* Resources */ = {
			isa = PBXResourcesBuildPhase;
			buildActionMask = 2147483647;
			files = (
			);
			runOnlyForDeploymentPostprocessing = 0;
		};
/* End PBXResourcesBuildPhase section */

/* Begin PBXShellScriptBuildPhase section */
		9247B6D8E04F4E67ED21AF2B /* Check Pods Manifest.lock */ = {
			isa = PBXShellScriptBuildPhase;
			buildActionMask = 2147483647;
			files = (
			);
			inputPaths = (
			);
			name = "Check Pods Manifest.lock";
			outputPaths = (
			);
			runOnlyForDeploymentPostprocessing = 0;
			shellPath = /bin/sh;
			shellScript = "diff \"${PODS_ROOT}/../Podfile.lock\" \"${PODS_ROOT}/Manifest.lock\" > /dev/null\nif [[ $? != 0 ]] ; then\n    cat << EOM\nerror: The sandbox is not in sync with the Podfile.lock. Run 'pod install' or update your CocoaPods installation.\nEOM\n    exit 1\nfi\n";
			showEnvVarsInLog = 0;
		};
		A586F9DFBD4B0BF05793FF25 /* Copy Pods Resources */ = {
			isa = PBXShellScriptBuildPhase;
			buildActionMask = 2147483647;
			files = (
			);
			inputPaths = (
			);
			name = "Copy Pods Resources";
			outputPaths = (
			);
			runOnlyForDeploymentPostprocessing = 0;
			shellPath = /bin/sh;
			shellScript = "\"${SRCROOT}/Pods/Target Support Files/Pods/Pods-resources.sh\"\n";
			showEnvVarsInLog = 0;
		};
		E7DEC0B232AE7D975CEC7214 /* Embed Pods Frameworks */ = {
			isa = PBXShellScriptBuildPhase;
			buildActionMask = 2147483647;
			files = (
			);
			inputPaths = (
			);
			name = "Embed Pods Frameworks";
			outputPaths = (
			);
			runOnlyForDeploymentPostprocessing = 0;
			shellPath = /bin/sh;
			shellScript = "\"${SRCROOT}/Pods/Target Support Files/Pods/Pods-frameworks.sh\"\n";
			showEnvVarsInLog = 0;
		};
/* End PBXShellScriptBuildPhase section */

/* Begin PBXSourcesBuildPhase section */
		50E843231AD009910094F47E /* Sources */ = {
			isa = PBXSourcesBuildPhase;
			buildActionMask = 2147483647;
			files = (
				50E8434F1AD0203F0094F47E /* CellForType.swift in Sources */,
				50E843571AD03C870094F47E /* ProductsView.swift in Sources */,
				50E8434D1AD01F960094F47E /* TypeController.swift in Sources */,
				50802E821AFBE1C700B594D6 /* SwiftyJSON.swift in Sources */,
				50802E8A1B00FC7D00B594D6 /* FirstScreenViewController.swift in Sources */,
				50E8436F1AD07A820094F47E /* Cart.swift in Sources */,
				50E843591AD03E0C0094F47E /* ProductsClass.swift in Sources */,
				50802E841AFBECC600B594D6 /* ProdCell.swift in Sources */,
				5014CCC61B68E155007EBC18 /* UIColor +MyColor.swift in Sources */,
				50D3DC371BA60AC40092BA75 /* GHWalkThroughPageCell.m in Sources */,
				50D3DC381BA60AC40092BA75 /* GHWalkThroughView.m in Sources */,
				50802E861AFD3CAE00B594D6 /* OneProductViewController.swift in Sources */,
				50E843651AD0658E0094F47E /* CartController.swift in Sources */,
				50E8432D1AD009910094F47E /* AppDelegate.swift in Sources */,
				503DB1F11B6CAD9F00B16D66 /* prePaidController.swift in Sources */,
				50E843671AD0670E0094F47E /* CartCell.swift in Sources */,
				50E843511AD025090094F47E /* TypeClass.swift in Sources */,
				50BBDA021B0BCA960043AE9D /* Reachability.swift in Sources */,
				5012F9931B6958200097A29E /* UIBarButtonItem+Badge.m in Sources */,
				5014CCC41B68A88B007EBC18 /* ProductsListController.swift in Sources */,
				50474F7E1B6F5E5C00D11579 /* RegistrationController.swift in Sources */,
				50802E881B00CB8400B594D6 /* MapViewController.swift in Sources */,
			);
			runOnlyForDeploymentPostprocessing = 0;
		};
		50E843381AD009910094F47E /* Sources */ = {
			isa = PBXSourcesBuildPhase;
			buildActionMask = 2147483647;
			files = (
				50E843431AD009910094F47E /* ExpressFoodTests.swift in Sources */,
			);
			runOnlyForDeploymentPostprocessing = 0;
		};
/* End PBXSourcesBuildPhase section */

/* Begin PBXTargetDependency section */
		50E8433E1AD009910094F47E /* PBXTargetDependency */ = {
			isa = PBXTargetDependency;
			target = 50E843261AD009910094F47E /* ExpressFood */;
			targetProxy = 50E8433D1AD009910094F47E /* PBXContainerItemProxy */;
		};
/* End PBXTargetDependency section */

/* Begin PBXVariantGroup section */
		50E843301AD009910094F47E /* Main.storyboard */ = {
			isa = PBXVariantGroup;
			children = (
				50E843311AD009910094F47E /* Base */,
			);
			name = Main.storyboard;
			sourceTree = "<group>";
		};
		50E843351AD009910094F47E /* LaunchScreen.xib */ = {
			isa = PBXVariantGroup;
			children = (
				50E843361AD009910094F47E /* Base */,
			);
			name = LaunchScreen.xib;
			sourceTree = "<group>";
		};
/* End PBXVariantGroup section */

/* Begin XCBuildConfiguration section */
		50E843441AD009910094F47E /* Debug */ = {
			isa = XCBuildConfiguration;
			buildSettings = {
				ALWAYS_SEARCH_USER_PATHS = NO;
				CLANG_CXX_LANGUAGE_STANDARD = "gnu++0x";
				CLANG_CXX_LIBRARY = "libc++";
				CLANG_ENABLE_MODULES = YES;
				CLANG_ENABLE_OBJC_ARC = YES;
				CLANG_WARN_BOOL_CONVERSION = YES;
				CLANG_WARN_CONSTANT_CONVERSION = YES;
				CLANG_WARN_DIRECT_OBJC_ISA_USAGE = YES_ERROR;
				CLANG_WARN_EMPTY_BODY = YES;
				CLANG_WARN_ENUM_CONVERSION = YES;
				CLANG_WARN_INT_CONVERSION = YES;
				CLANG_WARN_OBJC_ROOT_CLASS = YES_ERROR;
				CLANG_WARN_UNREACHABLE_CODE = YES;
				CLANG_WARN__DUPLICATE_METHOD_MATCH = YES;
				"CODE_SIGN_IDENTITY[sdk=iphoneos*]" = "iPhone Developer";
				COPY_PHASE_STRIP = NO;
				ENABLE_STRICT_OBJC_MSGSEND = YES;
				GCC_C_LANGUAGE_STANDARD = gnu99;
				GCC_DYNAMIC_NO_PIC = NO;
				GCC_OPTIMIZATION_LEVEL = 0;
				GCC_PREPROCESSOR_DEFINITIONS = (
					"DEBUG=1",
					"$(inherited)",
				);
				GCC_SYMBOLS_PRIVATE_EXTERN = NO;
				GCC_WARN_64_TO_32_BIT_CONVERSION = YES;
				GCC_WARN_ABOUT_RETURN_TYPE = YES_ERROR;
				GCC_WARN_UNDECLARED_SELECTOR = YES;
				GCC_WARN_UNINITIALIZED_AUTOS = YES_AGGRESSIVE;
				GCC_WARN_UNUSED_FUNCTION = YES;
				GCC_WARN_UNUSED_VARIABLE = YES;
				IPHONEOS_DEPLOYMENT_TARGET = 8.2;
				MTL_ENABLE_DEBUG_INFO = YES;
				ONLY_ACTIVE_ARCH = YES;
				SDKROOT = iphoneos;
				SWIFT_OPTIMIZATION_LEVEL = "-Onone";
			};
			name = Debug;
		};
		50E843451AD009910094F47E /* Release */ = {
			isa = XCBuildConfiguration;
			buildSettings = {
				ALWAYS_SEARCH_USER_PATHS = NO;
				CLANG_CXX_LANGUAGE_STANDARD = "gnu++0x";
				CLANG_CXX_LIBRARY = "libc++";
				CLANG_ENABLE_MODULES = YES;
				CLANG_ENABLE_OBJC_ARC = YES;
				CLANG_WARN_BOOL_CONVERSION = YES;
				CLANG_WARN_CONSTANT_CONVERSION = YES;
				CLANG_WARN_DIRECT_OBJC_ISA_USAGE = YES_ERROR;
				CLANG_WARN_EMPTY_BODY = YES;
				CLANG_WARN_ENUM_CONVERSION = YES;
				CLANG_WARN_INT_CONVERSION = YES;
				CLANG_WARN_OBJC_ROOT_CLASS = YES_ERROR;
				CLANG_WARN_UNREACHABLE_CODE = YES;
				CLANG_WARN__DUPLICATE_METHOD_MATCH = YES;
				"CODE_SIGN_IDENTITY[sdk=iphoneos*]" = "iPhone Developer";
				COPY_PHASE_STRIP = NO;
				ENABLE_NS_ASSERTIONS = NO;
				ENABLE_STRICT_OBJC_MSGSEND = YES;
				GCC_C_LANGUAGE_STANDARD = gnu99;
				GCC_WARN_64_TO_32_BIT_CONVERSION = YES;
				GCC_WARN_ABOUT_RETURN_TYPE = YES_ERROR;
				GCC_WARN_UNDECLARED_SELECTOR = YES;
				GCC_WARN_UNINITIALIZED_AUTOS = YES_AGGRESSIVE;
				GCC_WARN_UNUSED_FUNCTION = YES;
				GCC_WARN_UNUSED_VARIABLE = YES;
				IPHONEOS_DEPLOYMENT_TARGET = 8.2;
				MTL_ENABLE_DEBUG_INFO = NO;
				SDKROOT = iphoneos;
				VALIDATE_PRODUCT = YES;
			};
			name = Release;
		};
		50E843471AD009910094F47E /* Debug */ = {
			isa = XCBuildConfiguration;
			baseConfigurationReference = 5EA3DDD5470988623732D7B9 /* Pods.debug.xcconfig */;
			buildSettings = {
				ASSETCATALOG_COMPILER_APPICON_NAME = AppIcon;
				CLANG_ENABLE_MODULES = YES;
				FRAMEWORK_SEARCH_PATHS = (
					"$(inherited)",
					"$(PROJECT_DIR)/parse-library-1-2",
					"$(PROJECT_DIR)",
				);
				INFOPLIST_FILE = ExpressFood/Info.plist;
				IPHONEOS_DEPLOYMENT_TARGET = 8.0;
				LD_RUNPATH_SEARCH_PATHS = "$(inherited) @executable_path/Frameworks";
				PRODUCT_NAME = "$(TARGET_NAME)";
				SWIFT_OBJC_BRIDGING_HEADER = "ExpressFood-Bridging-Header.h";
				SWIFT_OPTIMIZATION_LEVEL = "-Onone";
				USER_HEADER_SEARCH_PATHS = "Pods/**";
			};
			name = Debug;
		};
		50E843481AD009910094F47E /* Release */ = {
			isa = XCBuildConfiguration;
			baseConfigurationReference = 38CD6DFA45CFFFFAF24464BF /* Pods.release.xcconfig */;
			buildSettings = {
				ASSETCATALOG_COMPILER_APPICON_NAME = AppIcon;
				CLANG_ENABLE_MODULES = YES;
				FRAMEWORK_SEARCH_PATHS = (
					"$(inherited)",
					"$(PROJECT_DIR)/parse-library-1-2",
					"$(PROJECT_DIR)",
				);
				INFOPLIST_FILE = ExpressFood/Info.plist;
				IPHONEOS_DEPLOYMENT_TARGET = 8.0;
				LD_RUNPATH_SEARCH_PATHS = "$(inherited) @executable_path/Frameworks";
				PRODUCT_NAME = "$(TARGET_NAME)";
				SWIFT_OBJC_BRIDGING_HEADER = "ExpressFood-Bridging-Header.h";
				USER_HEADER_SEARCH_PATHS = "Pods/**";
			};
			name = Release;
		};
		50E8434A1AD009910094F47E /* Debug */ = {
			isa = XCBuildConfiguration;
			buildSettings = {
				BUNDLE_LOADER = "$(TEST_HOST)";
				FRAMEWORK_SEARCH_PATHS = (
					"$(SDKROOT)/Developer/Library/Frameworks",
					"$(inherited)",
				);
				GCC_PREPROCESSOR_DEFINITIONS = (
					"DEBUG=1",
					"$(inherited)",
				);
				INFOPLIST_FILE = ExpressFoodTests/Info.plist;
				LD_RUNPATH_SEARCH_PATHS = "$(inherited) @executable_path/Frameworks @loader_path/Frameworks";
				PRODUCT_NAME = "$(TARGET_NAME)";
				TEST_HOST = "$(BUILT_PRODUCTS_DIR)/ExpressFood.app/ExpressFood";
			};
			name = Debug;
		};
		50E8434B1AD009910094F47E /* Release */ = {
			isa = XCBuildConfiguration;
			buildSettings = {
				BUNDLE_LOADER = "$(TEST_HOST)";
				FRAMEWORK_SEARCH_PATHS = (
					"$(SDKROOT)/Developer/Library/Frameworks",
					"$(inherited)",
				);
				INFOPLIST_FILE = ExpressFoodTests/Info.plist;
				LD_RUNPATH_SEARCH_PATHS = "$(inherited) @executable_path/Frameworks @loader_path/Frameworks";
				PRODUCT_NAME = "$(TARGET_NAME)";
				TEST_HOST = "$(BUILT_PRODUCTS_DIR)/ExpressFood.app/ExpressFood";
			};
			name = Release;
		};
/* End XCBuildConfiguration section */

/* Begin XCConfigurationList section */
		50E843221AD009910094F47E /* Build configuration list for PBXProject "ExpressFood" */ = {
			isa = XCConfigurationList;
			buildConfigurations = (
				50E843441AD009910094F47E /* Debug */,
				50E843451AD009910094F47E /* Release */,
			);
			defaultConfigurationIsVisible = 0;
			defaultConfigurationName = Release;
		};
		50E843461AD009910094F47E /* Build configuration list for PBXNativeTarget "ExpressFood" */ = {
			isa = XCConfigurationList;
			buildConfigurations = (
				50E843471AD009910094F47E /* Debug */,
				50E843481AD009910094F47E /* Release */,
			);
			defaultConfigurationIsVisible = 0;
			defaultConfigurationName = Release;
		};
		50E843491AD009910094F47E /* Build configuration list for PBXNativeTarget "ExpressFoodTests" */ = {
			isa = XCConfigurationList;
			buildConfigurations = (
				50E8434A1AD009910094F47E /* Debug */,
				50E8434B1AD009910094F47E /* Release */,
			);
			defaultConfigurationIsVisible = 0;
			defaultConfigurationName = Release;
		};
/* End XCConfigurationList section */
	};
	rootObject = 50E8431F1AD009910094F47E /* Project object */;
}
